<?xml version="1.0" encoding="utf-8"?>
<Project ToolsVersion="4.0" xmlns="http://schemas.microsoft.com/developer/msbuild/2003">
  <ItemGroup>
    <Filter Include="Hydrogen">
      <UniqueIdentifier>{854A0F42-7117-6A4D-9A30-58F5865C9FDB}</UniqueIdentifier>
    </Filter>
    <Filter Include="Hydrogen\Application">
      <UniqueIdentifier>{C8756B46-B404-F50F-5D23-090B499105B6}</UniqueIdentifier>
    </Filter>
    <Filter Include="Hydrogen\Events">
      <UniqueIdentifier>{C94E610C-35DA-CED0-3EEB-51C5AAF52AD1}</UniqueIdentifier>
    </Filter>
    <Filter Include="Hydrogen\Layers">
      <UniqueIdentifier>{A439441B-10C5-B1DF-19D6-34D485E00DE0}</UniqueIdentifier>
    </Filter>
    <Filter Include="Hydrogen\Utils">
      <UniqueIdentifier>{A55BC618-9129-BA1E-7ABD-2A45662A9683}</UniqueIdentifier>
    </Filter>
    <Filter Include="ImGui">
      <UniqueIdentifier>{C0FF640D-2C14-8DBE-F595-301E616989EF}</UniqueIdentifier>
    </Filter>
    <Filter Include="Platform">
      <UniqueIdentifier>{2AC788B4-1694-E3BF-3FAD-D1672BD9184E}</UniqueIdentifier>
    </Filter>
    <Filter Include="Platform\OpenGL">
      <UniqueIdentifier>{1E7D2C1D-8A08-9AE1-9319-1DD6FF23F6E1}</UniqueIdentifier>
    </Filter>
    <Filter Include="Platform\Windows">
      <UniqueIdentifier>{64FBD71A-50F4-F66C-7926-DCF1657ED678}</UniqueIdentifier>
    </Filter>
    <Filter Include="Platform\Windows\Input">
      <UniqueIdentifier>{63A6717E-4FA0-9AD0-380D-31E124A6003D}</UniqueIdentifier>
    </Filter>
    <Filter Include="Platform\Windows\Window">
      <UniqueIdentifier>{CBCFF26C-3707-3B04-4011-9F27ACC761FD}</UniqueIdentifier>
    </Filter>
    <Filter Include="pch">
      <UniqueIdentifier>{809C880B-ECA5-887C-7521-9F7CE129947C}</UniqueIdentifier>
    </Filter>
  </ItemGroup>
  <ItemGroup>
    <ClInclude Include="src\Hydrogen\Application\Application.hpp">
      <Filter>Hydrogen\Application</Filter>
    </ClInclude>
    <ClInclude Include="src\Hydrogen\Core.hpp">
      <Filter>Hydrogen</Filter>
    </ClInclude>
    <ClInclude Include="src\Hydrogen\EntryPoint.hpp">
      <Filter>Hydrogen</Filter>
    </ClInclude>
    <ClInclude Include="src\Hydrogen\Events\AppEvent.hpp">
      <Filter>Hydrogen\Events</Filter>
    </ClInclude>
    <ClInclude Include="src\Hydrogen\Events\Event.hpp">
      <Filter>Hydrogen\Events</Filter>
    </ClInclude>
    <ClInclude Include="src\Hydrogen\Events\KeyEvent.hpp">
      <Filter>Hydrogen\Events</Filter>
    </ClInclude>
    <ClInclude Include="src\Hydrogen\Events\MouseEvent.hpp">
      <Filter>Hydrogen\Events</Filter>
    </ClInclude>
    <ClInclude Include="src\Hydrogen\Events\WindowEvent.hpp">
      <Filter>Hydrogen\Events</Filter>
    </ClInclude>
    <ClInclude Include="src\Hydrogen\Hydrogen.hpp">
      <Filter>Hydrogen</Filter>
    </ClInclude>
    <ClInclude Include="src\Hydrogen\Input\Input.hpp">
      <Filter>Hydrogen</Filter>
    </ClInclude>
    <ClInclude Include="src\Hydrogen\Layers\Layer.hpp">
      <Filter>Hydrogen\Layers</Filter>
    </ClInclude>
    <ClInclude Include="src\Hydrogen\Layers\LayerStack.hpp">
      <Filter>Hydrogen\Layers</Filter>
    </ClInclude>
    <ClInclude Include="src\Hydrogen\Utils\Logger.hpp">
      <Filter>Hydrogen\Utils</Filter>
    </ClInclude>
    <ClInclude Include="src\Hydrogen\Window.hpp">
      <Filter>Hydrogen</Filter>
    </ClInclude>
    <ClInclude Include="src\ImGui\ImGuiLayer.hpp">
      <Filter>ImGui</Filter>
    </ClInclude>
    <ClInclude Include="src\Platform\Windows\Input\WInput.hpp">
      <Filter>Platform\Windows\Input</Filter>
    </ClInclude>
    <ClInclude Include="src\Platform\Windows\Window\WWindow.hpp">
      <Filter>Platform\Windows\Window</Filter>
    </ClInclude>
    <ClInclude Include="src\pch\pch.hpp">
      <Filter>pch</Filter>
    </ClInclude>
    <ClInclude Include="src\Hydrogen\Input\KeyCodes.hpp" />
    <ClInclude Include="src\Hydrogen\Input\MouseCodes.hpp" />
  </ItemGroup>
  <ItemGroup>
    <ClCompile Include="src\Hydrogen\Application\Application.cpp">
      <Filter>Hydrogen\Application</Filter>
    </ClCompile>
    <ClCompile Include="src\Hydrogen\Layers\LayerStack.cpp">
      <Filter>Hydrogen\Layers</Filter>
    </ClCompile>
    <ClCompile Include="src\Hydrogen\Utils\Logger.cpp">
      <Filter>Hydrogen\Utils</Filter>
    </ClCompile>
    <ClCompile Include="src\ImGui\ImGuiLayer.cpp">
      <Filter>ImGui</Filter>
    </ClCompile>
    <ClCompile Include="src\Platform\OpenGL\imgui_impl_opengl3.cpp">
      <Filter>Platform\OpenGL</Filter>
    </ClCompile>
    <ClCompile Include="src\Platform\Windows\Input\WInput.cpp">
      <Filter>Platform\Windows\Input</Filter>
    </ClCompile>
    <ClCompile Include="src\Platform\Windows\Window\WWindow.cpp">
      <Filter>Platform\Windows\Window</Filter>
    </ClCompile>
    <ClCompile Include="src\pch\pch.cpp">
      <Filter>pch</Filter>
    </ClCompile>
  </ItemGroup>
</Project>